// !$*UTF8*$!
{
	archiveVersion = 1;
	classes = {
	};
	objectVersion = 50;
	objects = {

/* Begin PBXBuildFile section */
		4C6E31D7251786760062BEC0 /* AppDelegate.swift in Sources */ = {isa = PBXBuildFile; fileRef = 4C6E31D6251786760062BEC0 /* AppDelegate.swift */; };
		4C6E31D9251786760062BEC0 /* SceneDelegate.swift in Sources */ = {isa = PBXBuildFile; fileRef = 4C6E31D8251786760062BEC0 /* SceneDelegate.swift */; };
		4C6E31DB251786760062BEC0 /* ContentView.swift in Sources */ = {isa = PBXBuildFile; fileRef = 4C6E31DA251786760062BEC0 /* ContentView.swift */; };
		4C6E31DD251786780062BEC0 /* Assets.xcassets in Resources */ = {isa = PBXBuildFile; fileRef = 4C6E31DC251786780062BEC0 /* Assets.xcassets */; };
		4C6E31E0251786780062BEC0 /* Preview Assets.xcassets in Resources */ = {isa = PBXBuildFile; fileRef = 4C6E31DF251786780062BEC0 /* Preview Assets.xcassets */; };
		4C6E31E3251786780062BEC0 /* LaunchScreen.storyboard in Resources */ = {isa = PBXBuildFile; fileRef = 4C6E31E1251786780062BEC0 /* LaunchScreen.storyboard */; };
		4C6E31EE251786790062BEC0 /* LoveBumpTests.swift in Sources */ = {isa = PBXBuildFile; fileRef = 4C6E31ED251786790062BEC0 /* LoveBumpTests.swift */; };
		4C6E31F9251786790062BEC0 /* LoveBumpUITests.swift in Sources */ = {isa = PBXBuildFile; fileRef = 4C6E31F8251786790062BEC0 /* LoveBumpUITests.swift */; };
/* End PBXBuildFile section */

/* Begin PBXContainerItemProxy section */
		4C6E31EA251786790062BEC0 /* PBXContainerItemProxy */ = {
			isa = PBXContainerItemProxy;
			containerPortal = 4C6E31CB251786760062BEC0 /* Project object */;
			proxyType = 1;
			remoteGlobalIDString = 4C6E31D2251786760062BEC0;
			remoteInfo = LoveBump;
		};
		4C6E31F5251786790062BEC0 /* PBXContainerItemProxy */ = {
			isa = PBXContainerItemProxy;
			containerPortal = 4C6E31CB251786760062BEC0 /* Project object */;
			proxyType = 1;
			remoteGlobalIDString = 4C6E31D2251786760062BEC0;
			remoteInfo = LoveBump;
		};
/* End PBXContainerItemProxy section */

/* Begin PBXFileReference section */
		4C6E31D3251786760062BEC0 /* LoveBump.app */ = {isa = PBXFileReference; explicitFileType = wrapper.application; includeInIndex = 0; path = LoveBump.app; sourceTree = BUILT_PRODUCTS_DIR; };
		4C6E31D6251786760062BEC0 /* AppDelegate.swift */ = {isa = PBXFileReference; lastKnownFileType = sourcecode.swift; path = AppDelegate.swift; sourceTree = "<group>"; };
		4C6E31D8251786760062BEC0 /* SceneDelegate.swift */ = {isa = PBXFileReference; lastKnownFileType = sourcecode.swift; path = SceneDelegate.swift; sourceTree = "<group>"; };
		4C6E31DA251786760062BEC0 /* ContentView.swift */ = {isa = PBXFileReference; lastKnownFileType = sourcecode.swift; path = ContentView.swift; sourceTree = "<group>"; };
		4C6E31DC251786780062BEC0 /* Assets.xcassets */ = {isa = PBXFileReference; lastKnownFileType = folder.assetcatalog; path = Assets.xcassets; sourceTree = "<group>"; };
		4C6E31DF251786780062BEC0 /* Preview Assets.xcassets */ = {isa = PBXFileReference; lastKnownFileType = folder.assetcatalog; path = "Preview Assets.xcassets"; sourceTree = "<group>"; };
		4C6E31E2251786780062BEC0 /* Base */ = {isa = PBXFileReference; lastKnownFileType = file.storyboard; name = Base; path = Base.lproj/LaunchScreen.storyboard; sourceTree = "<group>"; };
		4C6E31E4251786780062BEC0 /* Info.plist */ = {isa = PBXFileReference; lastKnownFileType = text.plist.xml; path = Info.plist; sourceTree = "<group>"; };
		4C6E31E9251786790062BEC0 /* LoveBumpTests.xctest */ = {isa = PBXFileReference; explicitFileType = wrapper.cfbundle; includeInIndex = 0; path = LoveBumpTests.xctest; sourceTree = BUILT_PRODUCTS_DIR; };
		4C6E31ED251786790062BEC0 /* LoveBumpTests.swift */ = {isa = PBXFileReference; lastKnownFileType = sourcecode.swift; path = LoveBumpTests.swift; sourceTree = "<group>"; };
		4C6E31EF251786790062BEC0 /* Info.plist */ = {isa = PBXFileReference; lastKnownFileType = text.plist.xml; path = Info.plist; sourceTree = "<group>"; };
		4C6E31F4251786790062BEC0 /* LoveBumpUITests.xctest */ = {isa = PBXFileReference; explicitFileType = wrapper.cfbundle; includeInIndex = 0; path = LoveBumpUITests.xctest; sourceTree = BUILT_PRODUCTS_DIR; };
		4C6E31F8251786790062BEC0 /* LoveBumpUITests.swift */ = {isa = PBXFileReference; lastKnownFileType = sourcecode.swift; path = LoveBumpUITests.swift; sourceTree = "<group>"; };
		4C6E31FA251786790062BEC0 /* Info.plist */ = {isa = PBXFileReference; lastKnownFileType = text.plist.xml; path = Info.plist; sourceTree = "<group>"; };
/* End PBXFileReference section */

/* Begin PBXFrameworksBuildPhase section */
		4C6E31D0251786760062BEC0 /* Frameworks */ = {
			isa = PBXFrameworksBuildPhase;
			buildActionMask = 2147483647;
			files = (
			);
			runOnlyForDeploymentPostprocessing = 0;
		};
		4C6E31E6251786790062BEC0 /* Frameworks */ = {
			isa = PBXFrameworksBuildPhase;
			buildActionMask = 2147483647;
			files = (
			);
			runOnlyForDeploymentPostprocessing = 0;
		};
		4C6E31F1251786790062BEC0 /* Frameworks */ = {
			isa = PBXFrameworksBuildPhase;
			buildActionMask = 2147483647;
			files = (
			);
			runOnlyForDeploymentPostprocessing = 0;
		};
/* End PBXFrameworksBuildPhase section */

/* Begin PBXGroup section */
		4C6E31CA251786760062BEC0 = {
			isa = PBXGroup;
			children = (
				4C6E31D5251786760062BEC0 /* LoveBump */,
				4C6E31EC251786790062BEC0 /* LoveBumpTests */,
				4C6E31F7251786790062BEC0 /* LoveBumpUITests */,
				4C6E31D4251786760062BEC0 /* Products */,
			);
			sourceTree = "<group>";
		};
		4C6E31D4251786760062BEC0 /* Products */ = {
			isa = PBXGroup;
			children = (
				4C6E31D3251786760062BEC0 /* LoveBump.app */,
				4C6E31E9251786790062BEC0 /* LoveBumpTests.xctest */,
				4C6E31F4251786790062BEC0 /* LoveBumpUITests.xctest */,
			);
			name = Products;
			sourceTree = "<group>";
		};
		4C6E31D5251786760062BEC0 /* LoveBump */ = {
			isa = PBXGroup;
			children = (
				4C6E31D6251786760062BEC0 /* AppDelegate.swift */,
				4C6E31D8251786760062BEC0 /* SceneDelegate.swift */,
				4C6E31DA251786760062BEC0 /* ContentView.swift */,
				4C6E31DC251786780062BEC0 /* Assets.xcassets */,
				4C6E31E1251786780062BEC0 /* LaunchScreen.storyboard */,
				4C6E31E4251786780062BEC0 /* Info.plist */,
				4C6E31DE251786780062BEC0 /* Preview Content */,
			);
			path = LoveBump;
			sourceTree = "<group>";
		};
		4C6E31DE251786780062BEC0 /* Preview Content */ = {
			isa = PBXGroup;
			children = (
				4C6E31DF251786780062BEC0 /* Preview Assets.xcassets */,
			);
			path = "Preview Content";
			sourceTree = "<group>";
		};
		4C6E31EC251786790062BEC0 /* LoveBumpTests */ = {
			isa = PBXGroup;
			children = (
				4C6E31ED251786790062BEC0 /* LoveBumpTests.swift */,
				4C6E31EF251786790062BEC0 /* Info.plist */,
			);
			path = LoveBumpTests;
			sourceTree = "<group>";
		};
		4C6E31F7251786790062BEC0 /* LoveBumpUITests */ = {
			isa = PBXGroup;
			children = (
				4C6E31F8251786790062BEC0 /* LoveBumpUITests.swift */,
				4C6E31FA251786790062BEC0 /* Info.plist */,
			);
			path = LoveBumpUITests;
			sourceTree = "<group>";
		};
/* End PBXGroup section */

/* Begin PBXNativeTarget section */
		4C6E31D2251786760062BEC0 /* LoveBump */ = {
			isa = PBXNativeTarget;
			buildConfigurationList = 4C6E31FD251786790062BEC0 /* Build configuration list for PBXNativeTarget "LoveBump" */;
			buildPhases = (
				4C6E31CF251786760062BEC0 /* Sources */,
				4C6E31D0251786760062BEC0 /* Frameworks */,
				4C6E31D1251786760062BEC0 /* Resources */,
			);
			buildRules = (
			);
			dependencies = (
			);
			name = LoveBump;
			productName = LoveBump;
			productReference = 4C6E31D3251786760062BEC0 /* LoveBump.app */;
			productType = "com.apple.product-type.application";
		};
		4C6E31E8251786790062BEC0 /* LoveBumpTests */ = {
			isa = PBXNativeTarget;
			buildConfigurationList = 4C6E3200251786790062BEC0 /* Build configuration list for PBXNativeTarget "LoveBumpTests" */;
			buildPhases = (
				4C6E31E5251786790062BEC0 /* Sources */,
				4C6E31E6251786790062BEC0 /* Frameworks */,
				4C6E31E7251786790062BEC0 /* Resources */,
			);
			buildRules = (
			);
			dependencies = (
				4C6E31EB251786790062BEC0 /* PBXTargetDependency */,
			);
			name = LoveBumpTests;
			productName = LoveBumpTests;
			productReference = 4C6E31E9251786790062BEC0 /* LoveBumpTests.xctest */;
			productType = "com.apple.product-type.bundle.unit-test";
		};
		4C6E31F3251786790062BEC0 /* LoveBumpUITests */ = {
			isa = PBXNativeTarget;
			buildConfigurationList = 4C6E3203251786790062BEC0 /* Build configuration list for PBXNativeTarget "LoveBumpUITests" */;
			buildPhases = (
				4C6E31F0251786790062BEC0 /* Sources */,
				4C6E31F1251786790062BEC0 /* Frameworks */,
				4C6E31F2251786790062BEC0 /* Resources */,
			);
			buildRules = (
			);
			dependencies = (
				4C6E31F6251786790062BEC0 /* PBXTargetDependency */,
			);
			name = LoveBumpUITests;
			productName = LoveBumpUITests;
			productReference = 4C6E31F4251786790062BEC0 /* LoveBumpUITests.xctest */;
			productType = "com.apple.product-type.bundle.ui-testing";
		};
/* End PBXNativeTarget section */

/* Begin PBXProject section */
		4C6E31CB251786760062BEC0 /* Project object */ = {
			isa = PBXProject;
			attributes = {
				LastSwiftUpdateCheck = 1160;
				LastUpgradeCheck = 1160;
				ORGANIZATIONNAME = "Midnightheat nk.inc";
				TargetAttributes = {
					4C6E31D2251786760062BEC0 = {
						CreatedOnToolsVersion = 11.6;
					};
					4C6E31E8251786790062BEC0 = {
						CreatedOnToolsVersion = 11.6;
						TestTargetID = 4C6E31D2251786760062BEC0;
					};
					4C6E31F3251786790062BEC0 = {
						CreatedOnToolsVersion = 11.6;
						TestTargetID = 4C6E31D2251786760062BEC0;
					};
				};
			};
			buildConfigurationList = 4C6E31CE251786760062BEC0 /* Build configuration list for PBXProject "LoveBump" */;
			compatibilityVersion = "Xcode 9.3";
			developmentRegion = en;
			hasScannedForEncodings = 0;
			knownRegions = (
				en,
				Base,
			);
			mainGroup = 4C6E31CA251786760062BEC0;
			productRefGroup = 4C6E31D4251786760062BEC0 /* Products */;
			projectDirPath = "";
			projectRoot = "";
			targets = (
				4C6E31D2251786760062BEC0 /* LoveBump */,
				4C6E31E8251786790062BEC0 /* LoveBumpTests */,
				4C6E31F3251786790062BEC0 /* LoveBumpUITests */,
			);
		};
/* End PBXProject section */

/* Begin PBXResourcesBuildPhase section */
		4C6E31D1251786760062BEC0 /* Resources */ = {
			isa = PBXResourcesBuildPhase;
			buildActionMask = 2147483647;
			files = (
				4C6E31E3251786780062BEC0 /* LaunchScreen.storyboard in Resources */,
				4C6E31E0251786780062BEC0 /* Preview Assets.xcassets in Resources */,
				4C6E31DD251786780062BEC0 /* Assets.xcassets in Resources */,
			);
			runOnlyForDeploymentPostprocessing = 0;
		};
		4C6E31E7251786790062BEC0 /* Resources */ = {
			isa = PBXResourcesBuildPhase;
			buildActionMask = 2147483647;
			files = (
			);
			runOnlyForDeploymentPostprocessing = 0;
		};
		4C6E31F2251786790062BEC0 /* Resources */ = {
			isa = PBXResourcesBuildPhase;
			buildActionMask = 2147483647;
			files = (
			);
			runOnlyForDeploymentPostprocessing = 0;
		};
/* End PBXResourcesBuildPhase section */

/* Begin PBXSourcesBuildPhase section */
		4C6E31CF251786760062BEC0 /* Sources */ = {
			isa = PBXSourcesBuildPhase;
			buildActionMask = 2147483647;
			files = (
				4C6E31D7251786760062BEC0 /* AppDelegate.swift in Sources */,
				4C6E31D9251786760062BEC0 /* SceneDelegate.swift in Sources */,
				4C6E31DB251786760062BEC0 /* ContentView.swift in Sources */,
			);
			runOnlyForDeploymentPostprocessing = 0;
		};
		4C6E31E5251786790062BEC0 /* Sources */ = {
			isa = PBXSourcesBuildPhase;
			buildActionMask = 2147483647;
			files = (
				4C6E31EE251786790062BEC0 /* LoveBumpTests.swift in Sources */,
			);
			runOnlyForDeploymentPostprocessing = 0;
		};
		4C6E31F0251786790062BEC0 /* Sources */ = {
			isa = PBXSourcesBuildPhase;
			buildActionMask = 2147483647;
			files = (
				4C6E31F9251786790062BEC0 /* LoveBumpUITests.swift in Sources */,
			);
			runOnlyForDeploymentPostprocessing = 0;
		};
/* End PBXSourcesBuildPhase section */

/* Begin PBXTargetDependency section */
		4C6E31EB251786790062BEC0 /* PBXTargetDependency */ = {
			isa = PBXTargetDependency;
			target = 4C6E31D2251786760062BEC0 /* LoveBump */;
			targetProxy = 4C6E31EA251786790062BEC0 /* PBXContainerItemProxy */;
		};
		4C6E31F6251786790062BEC0 /* PBXTargetDependency */ = {
			isa = PBXTargetDependency;
			target = 4C6E31D2251786760062BEC0 /* LoveBump */;
			targetProxy = 4C6E31F5251786790062BEC0 /* PBXContainerItemProxy */;
		};
/* End PBXTargetDependency section */

/* Begin PBXVariantGroup section */
		4C6E31E1251786780062BEC0 /* LaunchScreen.storyboard */ = {
			isa = PBXVariantGroup;
			children = (
				4C6E31E2251786780062BEC0 /* Base */,
			);
			name = LaunchScreen.storyboard;
			sourceTree = "<group>";
		};
/* End PBXVariantGroup section */

/* Begin XCBuildConfiguration section */
		4C6E31FB251786790062BEC0 /* Debug */ = {
			isa = XCBuildConfiguration;
			buildSettings = {
				ALWAYS_SEARCH_USER_PATHS = NO;
				CLANG_ANALYZER_NONNULL = YES;
				CLANG_ANALYZER_NUMBER_OBJECT_CONVERSION = YES_AGGRESSIVE;
				CLANG_CXX_LANGUAGE_STANDARD = "gnu++14";
				CLANG_CXX_LIBRARY = "libc++";
				CLANG_ENABLE_MODULES = YES;
				CLANG_ENABLE_OBJC_ARC = YES;
				CLANG_ENABLE_OBJC_WEAK = YES;
				CLANG_WARN_BLOCK_CAPTURE_AUTORELEASING = YES;
				CLANG_WARN_BOOL_CONVERSION = YES;
				CLANG_WARN_COMMA = YES;
				CLANG_WARN_CONSTANT_CONVERSION = YES;
				CLANG_WARN_DEPRECATED_OBJC_IMPLEMENTATIONS = YES;
				CLANG_WARN_DIRECT_OBJC_ISA_USAGE = YES_ERROR;
				CLANG_WARN_DOCUMENTATION_COMMENTS = YES;
				CLANG_WARN_EMPTY_BODY = YES;
				CLANG_WARN_ENUM_CONVERSION = YES;
				CLANG_WARN_INFINITE_RECURSION = YES;
				CLANG_WARN_INT_CONVERSION = YES;
				CLANG_WARN_NON_LITERAL_NULL_CONVERSION = YES;
				CLANG_WARN_OBJC_IMPLICIT_RETAIN_SELF = YES;
				CLANG_WARN_OBJC_LITERAL_CONVERSION = YES;
				CLANG_WARN_OBJC_ROOT_CLASS = YES_ERROR;
				CLANG_WARN_RANGE_LOOP_ANALYSIS = YES;
				CLANG_WARN_STRICT_PROTOTYPES = YES;
				CLANG_WARN_SUSPICIOUS_MOVE = YES;
				CLANG_WARN_UNGUARDED_AVAILABILITY = YES_AGGRESSIVE;
				CLANG_WARN_UNREACHABLE_CODE = YES;
				CLANG_WARN__DUPLICATE_METHOD_MATCH = YES;
				COPY_PHASE_STRIP = NO;
				DEBUG_INFORMATION_FORMAT = dwarf;
				ENABLE_STRICT_OBJC_MSGSEND = YES;
				ENABLE_TESTABILITY = YES;
				GCC_C_LANGUAGE_STANDARD = gnu11;
				GCC_DYNAMIC_NO_PIC = NO;
				GCC_NO_COMMON_BLOCKS = YES;
				GCC_OPTIMIZATION_LEVEL = 0;
				GCC_PREPROCESSOR_DEFINITIONS = (
					"DEBUG=1",
					"$(inherited)",
				);
				GCC_WARN_64_TO_32_BIT_CONVERSION = YES;
				GCC_WARN_ABOUT_RETURN_TYPE = YES_ERROR;
				GCC_WARN_UNDECLARED_SELECTOR = YES;
				GCC_WARN_UNINITIALIZED_AUTOS = YES_AGGRESSIVE;
				GCC_WARN_UNUSED_FUNCTION = YES;
				GCC_WARN_UNUSED_VARIABLE = YES;
				IPHONEOS_DEPLOYMENT_TARGET = 13.6;
				MTL_ENABLE_DEBUG_INFO = INCLUDE_SOURCE;
				MTL_FAST_MATH = YES;
				ONLY_ACTIVE_ARCH = YES;
				SDKROOT = iphoneos;
				SWIFT_ACTIVE_COMPILATION_CONDITIONS = DEBUG;
				SWIFT_OPTIMIZATION_LEVEL = "-Onone";
			};
			name = Debug;
		};
		4C6E31FC251786790062BEC0 /* Release */ = {
			isa = XCBuildConfiguration;
			buildSettings = {
				ALWAYS_SEARCH_USER_PATHS = NO;
				CLANG_ANALYZER_NONNULL = YES;
				CLANG_ANALYZER_NUMBER_OBJECT_CONVERSION = YES_AGGRESSIVE;
				CLANG_CXX_LANGUAGE_STANDARD = "gnu++14";
				CLANG_CXX_LIBRARY = "libc++";
				CLANG_ENABLE_MODULES = YES;
				CLANG_ENABLE_OBJC_ARC = YES;
				CLANG_ENABLE_OBJC_WEAK = YES;
				CLANG_WARN_BLOCK_CAPTURE_AUTORELEASING = YES;
				CLANG_WARN_BOOL_CONVERSION = YES;
				CLANG_WARN_COMMA = YES;
				CLANG_WARN_CONSTANT_CONVERSION = YES;
				CLANG_WARN_DEPRECATED_OBJC_IMPLEMENTATIONS = YES;
				CLANG_WARN_DIRECT_OBJC_ISA_USAGE = YES_ERROR;
				CLANG_WARN_DOCUMENTATION_COMMENTS = YES;
				CLANG_WARN_EMPTY_BODY = YES;
				CLANG_WARN_ENUM_CONVERSION = YES;
				CLANG_WARN_INFINITE_RECURSION = YES;
				CLANG_WARN_INT_CONVERSION = YES;
				CLANG_WARN_NON_LITERAL_NULL_CONVERSION = YES;
				CLANG_WARN_OBJC_IMPLICIT_RETAIN_SELF = YES;
				CLANG_WARN_OBJC_LITERAL_CONVERSION = YES;
				CLANG_WARN_OBJC_ROOT_CLASS = YES_ERROR;
				CLANG_WARN_RANGE_LOOP_ANALYSIS = YES;
				CLANG_WARN_STRICT_PROTOTYPES = YES;
				CLANG_WARN_SUSPICIOUS_MOVE = YES;
				CLANG_WARN_UNGUARDED_AVAILABILITY = YES_AGGRESSIVE;
				CLANG_WARN_UNREACHABLE_CODE = YES;
				CLANG_WARN__DUPLICATE_METHOD_MATCH = YES;
				COPY_PHASE_STRIP = NO;
				DEBUG_INFORMATION_FORMAT = "dwarf-with-dsym";
				ENABLE_NS_ASSERTIONS = NO;
				ENABLE_STRICT_OBJC_MSGSEND = YES;
				GCC_C_LANGUAGE_STANDARD = gnu11;
				GCC_NO_COMMON_BLOCKS = YES;
				GCC_WARN_64_TO_32_BIT_CONVERSION = YES;
				GCC_WARN_ABOUT_RETURN_TYPE = YES_ERROR;
				GCC_WARN_UNDECLARED_SELECTOR = YES;
				GCC_WARN_UNINITIALIZED_AUTOS = YES_AGGRESSIVE;
				GCC_WARN_UNUSED_FUNCTION = YES;
				GCC_WARN_UNUSED_VARIABLE = YES;
				IPHONEOS_DEPLOYMENT_TARGET = 13.6;
				MTL_ENABLE_DEBUG_INFO = NO;
				MTL_FAST_MATH = YES;
				SDKROOT = iphoneos;
				SWIFT_COMPILATION_MODE = wholemodule;
				SWIFT_OPTIMIZATION_LEVEL = "-O";
				VALIDATE_PRODUCT = YES;
			};
			name = Release;
		};
		4C6E31FE251786790062BEC0 /* Debug */ = {
			isa = XCBuildConfiguration;
			buildSettings = {
				ASSETCATALOG_COMPILER_APPICON_NAME = AppIcon;
				CODE_SIGN_STYLE = Automatic;
				DEVELOPMENT_ASSET_PATHS = "\"LoveBump/Preview Content\"";
				ENABLE_PREVIEWS = YES;
				INFOPLIST_FILE = LoveBump/Info.plist;
				LD_RUNPATH_SEARCH_PATHS = (
					"$(inherited)",
					"@executable_path/Frameworks",
				);
				PRODUCT_BUNDLE_IDENTIFIER = nk.LoveBump;
				PRODUCT_NAME = "$(TARGET_NAME)";
				SWIFT_VERSION = 5.0;
				TARGETED_DEVICE_FAMILY = "1,2";
			};
			name = Debug;
		};
		4C6E31FF251786790062BEC0 /* Release */ = {
			isa = XCBuildConfiguration;
			buildSettings = {
				ASSETCATALOG_COMPILER_APPICON_NAME = AppIcon;
				CODE_SIGN_STYLE = Automatic;
				DEVELOPMENT_ASSET_PATHS = "\"LoveBump/Preview Content\"";
				ENABLE_PREVIEWS = YES;
				INFOPLIST_FILE = LoveBump/Info.plist;
				LD_RUNPATH_SEARCH_PATHS = (
					"$(inherited)",
					"@executable_path/Frameworks",
				);
				PRODUCT_BUNDLE_IDENTIFIER = nk.LoveBump;
				PRODUCT_NAME = "$(TARGET_NAME)";
				SWIFT_VERSION = 5.0;
				TARGETED_DEVICE_FAMILY = "1,2";
			};
			name = Release;
		};
		4C6E3201251786790062BEC0 /* Debug */ = {
			isa = XCBuildConfiguration;
			buildSettings = {
				ALWAYS_EMBED_SWIFT_STANDARD_LIBRARIES = YES;
				BUNDLE_LOADER = "$(TEST_HOST)";
				CODE_SIGN_STYLE = Automatic;
				INFOPLIST_FILE = LoveBumpTests/Info.plist;
				IPHONEOS_DEPLOYMENT_TARGET = 13.6;
				LD_RUNPATH_SEARCH_PATHS = (
					"$(inherited)",
					"@executable_path/Frameworks",
					"@loader_path/Frameworks",
				);
				PRODUCT_BUNDLE_IDENTIFIER = nk.LoveBumpTests;
				PRODUCT_NAME = "$(TARGET_NAME)";
				SWIFT_VERSION = 5.0;
				TARGETED_DEVICE_FAMILY = "1,2";
				TEST_HOST = "$(BUILT_PRODUCTS_DIR)/LoveBump.app/LoveBump";
			};
			name = Debug;
		};
		4C6E3202251786790062BEC0 /* Release */ = {
			isa = XCBuildConfiguration;
			buildSettings = {
				ALWAYS_EMBED_SWIFT_STANDARD_LIBRARIES = YES;
				BUNDLE_LOADER = "$(TEST_HOST)";
				CODE_SIGN_STYLE = Automatic;
				INFOPLIST_FILE = LoveBumpTests/Info.plist;
				IPHONEOS_DEPLOYMENT_TARGET = 13.6;
				LD_RUNPATH_SEARCH_PATHS = (
					"$(inherited)",
					"@executable_path/Frameworks",
					"@loader_path/Frameworks",
				);
				PRODUCT_BUNDLE_IDENTIFIER = nk.LoveBumpTests;
				PRODUCT_NAME = "$(TARGET_NAME)";
				SWIFT_VERSION = 5.0;
				TARGETED_DEVICE_FAMILY = "1,2";
				TEST_HOST = "$(BUILT_PRODUCTS_DIR)/LoveBump.app/LoveBump";
			};
			name = Release;
		};
		4C6E3204251786790062BEC0 /* Debug */ = {
			isa = XCBuildConfiguration;
			buildSettings = {
				ALWAYS_EMBED_SWIFT_STANDARD_LIBRARIES = YES;
				CODE_SIGN_STYLE = Automatic;
				INFOPLIST_FILE = LoveBumpUITests/Info.plist;
				LD_RUNPATH_SEARCH_PATHS = (
					"$(inherited)",
					"@executable_path/Frameworks",
					"@loader_path/Frameworks",
				);
				PRODUCT_BUNDLE_IDENTIFIER = nk.LoveBumpUITests;
				PRODUCT_NAME = "$(TARGET_NAME)";
				SWIFT_VERSION = 5.0;
				TARGETED_DEVICE_FAMILY = "1,2";
				TEST_TARGET_NAME = LoveBump;
			};
			name = Debug;
		};
		4C6E3205251786790062BEC0 /* Release */ = {
			isa = XCBuildConfiguration;
			buildSettings = {
				ALWAYS_EMBED_SWIFT_STANDARD_LIBRARIES = YES;
				CODE_SIGN_STYLE = Automatic;
				INFOPLIST_FILE = LoveBumpUITests/Info.plist;
				LD_RUNPATH_SEARCH_PATHS = (
					"$(inherited)",
					"@executable_path/Frameworks",
					"@loader_path/Frameworks",
				);
				PRODUCT_BUNDLE_IDENTIFIER = nk.LoveBumpUITests;
				PRODUCT_NAME = "$(TARGET_NAME)";
				SWIFT_VERSION = 5.0;
				TARGETED_DEVICE_FAMILY = "1,2";
				TEST_TARGET_NAME = LoveBump;
			};
			name = Release;
		};
/* End XCBuildConfiguration section */

/* Begin XCConfigurationList section */
		4C6E31CE251786760062BEC0 /* Build configuration list for PBXProject "LoveBump" */ = {
			isa = XCConfigurationList;
			buildConfigurations = (
				4C6E31FB251786790062BEC0 /* Debug */,
				4C6E31FC251786790062BEC0 /* Release */,
			);
			defaultConfigurationIsVisible = 0;
			defaultConfigurationName = Release;
		};
		4C6E31FD251786790062BEC0 /* Build configuration list for PBXNativeTarget "LoveBump" */ = {
			isa = XCConfigurationList;
			buildConfigurations = (
				4C6E31FE251786790062BEC0 /* Debug */,
				4C6E31FF251786790062BEC0 /* Release */,
			);
			defaultConfigurationIsVisible = 0;
			defaultConfigurationName = Release;
		};
		4C6E3200251786790062BEC0 /* Build configuration list for PBXNativeTarget "LoveBumpTests" */ = {
			isa = XCConfigurationList;
			buildConfigurations = (
				4C6E3201251786790062BEC0 /* Debug */,
				4C6E3202251786790062BEC0 /* Release */,
			);
			defaultConfigurationIsVisible = 0;
			defaultConfigurationName = Release;
		};
		4C6E3203251786790062BEC0 /* Build configuration list for PBXNativeTarget "LoveBumpUITests" */ = {
			isa = XCConfigurationList;
			buildConfigurations = (
				4C6E3204251786790062BEC0 /* Debug */,
				4C6E3205251786790062BEC0 /* Release */,
			);
			defaultConfigurationIsVisible = 0;
			defaultConfigurationName = Release;
		};
/* End XCConfigurationList section */
	};
	rootObject = 4C6E31CB251786760062BEC0 /* Project object */;
}
